
Microsoft Visual Studio Solution File, Format Version 12.00
# Visual Studio Version 16
VisualStudioVersion = 16.0.31624.102
MinimumVisualStudioVersion = 10.0.40219.1
Project("{FAE04EC0-301F-11D3-BF4B-00C04F79EFBC}") = "registroUsuarios", "registroUsuarios\registroUsuarios.csproj", "{14AA6956-F9A2-4FB8-8E41-A522A424D1B0}"
EndProject
Global
	GlobalSection(SolutionConfigurationPlatforms) = preSolution
		Debug|Any CPU = Debug|Any CPU
		Release|Any CPU = Release|Any CPU
	EndGlobalSection
	GlobalSection(ProjectConfigurationPlatforms) = postSolution
		{14AA6956-F9A2-4FB8-8E41-A522A424D1B0}.Debug|Any CPU.ActiveCfg = Debug|Any CPU
		{14AA6956-F9A2-4FB8-8E41-A522A424D1B0}.Debug|Any CPU.Build.0 = Debug|Any CPU
		{14AA6956-F9A2-4FB8-8E41-A522A424D1B0}.Release|Any CPU.ActiveCfg = Release|Any CPU
		{14AA6956-F9A2-4FB8-8E41-A522A424D1B0}.Release|Any CPU.Build.0 = Release|Any CPU
	EndGlobalSection
	GlobalSection(SolutionProperties) = preSolution
		HideSolutionNode = FALSE
	EndGlobalSection
	GlobalSection(ExtensibilityGlobals) = postSolution
		SolutionGuid = {A99173BD-4FE8-447C-A731-5070C4F0737C}
	EndGlobalSection
EndGlobal
